version = 1
requires-python = ">=3.11"

[[package]]
name = "anyio"
version = "4.8.0"
source = { registry = "https://pypi.org/simple" }
dependencies = [
    { name = "idna" },
    { name = "sniffio" },
    { name = "typing-extensions", marker = "python_full_version < '3.13'" },
]
sdist = { url = "https://files.pythonhosted.org/packages/a3/73/199a98fc2dae33535d6b8e8e6ec01f8c1d76c9adb096c6b7d64823038cde/anyio-4.8.0.tar.gz", hash = "sha256:1d9fe889df5212298c0c0723fa20479d1b94883a2df44bd3897aa91083316f7a", size = 181126 }
wheels = [
    { url = "https://files.pythonhosted.org/packages/46/eb/e7f063ad1fec6b3178a3cd82d1a3c4de82cccf283fc42746168188e1cdd5/anyio-4.8.0-py3-none-any.whl", hash = "sha256:b5011f270ab5eb0abf13385f851315585cc37ef330dd88e27ec3d34d651fd47a", size = 96041 },
]

[[package]]
name = "certifi"
version = "2025.1.31"
source = { registry = "https://pypi.org/simple" }
sdist = { url = "https://files.pythonhosted.org/packages/1c/ab/c9f1e32b7b1bf505bf26f0ef697775960db7932abeb7b516de930ba2705f/certifi-2025.1.31.tar.gz", hash = "sha256:3d5da6925056f6f18f119200434a4780a94263f10d1c21d032a6f6b2baa20651", size = 167577 }
wheels = [
    { url = "https://files.pythonhosted.org/packages/38/fc/bce832fd4fd99766c04d1ee0eead6b0ec6486fb100ae5e74c1d91292b982/certifi-2025.1.31-py3-none-any.whl", hash = "sha256:ca78db4565a652026a4db2bcdf68f2fb589ea80d0be70e03929ed730746b84fe", size = 166393 },
]

[[package]]
name = "ephem"
version = "4.2"
source = { registry = "https://pypi.org/simple" }
sdist = { url = "https://files.pythonhosted.org/packages/59/13/0d2c9525b1ba465e09af3f6585b3ac8fb0d66241b52f9f4f10118e323a9d/ephem-4.2.tar.gz", hash = "sha256:3c4fd64f453e8f40cf862420a70da95a71b6487ace75e8e0cf85d73707db6065", size = 1261100 }
wheels = [
    { url = "https://files.pythonhosted.org/packages/e4/35/9634b1cd4be08c922fa24b416520f7dd48c6b4a50c4e470cd939abf3be2c/ephem-4.2-cp311-cp311-macosx_10_9_x86_64.whl", hash = "sha256:45bea1bb6fb1850f2d3169e541c22fb88030976967f8c551181786f5e713100e", size = 1429754 },
    { url = "https://files.pythonhosted.org/packages/da/b0/9125690139d1af9dbb67fc520dfe887212499d36f153c79bf4f839245269/ephem-4.2-cp311-cp311-macosx_11_0_arm64.whl", hash = "sha256:40aa89b316bd2cb6a5a1ed0f391983272626582cdf14e5c92cfe8d167b4a32c0", size = 1431956 },
    { url = "https://files.pythonhosted.org/packages/6c/09/c552d9d933660e9889f622c889815a5627cda5482982a4971afdbd52c759/ephem-4.2-cp311-cp311-manylinux_2_12_i686.manylinux2010_i686.manylinux_2_17_i686.manylinux2014_i686.whl", hash = "sha256:b5ebe25f33f43cd3ae92b70a43ad558775513bddcac706474110045795b356a1", size = 1755857 },
    { url = "https://files.pythonhosted.org/packages/31/0a/2490f45e3228446b6d8efe65ed44edf542a0788d38751b13725cf5c12805/ephem-4.2-cp311-cp311-manylinux_2_17_aarch64.manylinux2014_aarch64.whl", hash = "sha256:99b6d7c75505f2ca3e470fea659dabe806c947f21d57093af5c97bb9310851e4", size = 1775866 },
    { url = "https://files.pythonhosted.org/packages/aa/10/2b297619014b4b64bb5ea6505bf7a395bc2a36bfac1d36dff1f33d245a92/ephem-4.2-cp311-cp311-manylinux_2_17_s390x.manylinux2014_s390x.whl", hash = "sha256:539339b435b7fb501c3ef3695e37cc39e280c7402e4ac28d829124928bb2a8ae", size = 1785883 },
    { url = "https://files.pythonhosted.org/packages/97/72/63643987b3aeb1f6f2df813fcb53b03360f2c66f030aac8966997fc12125/ephem-4.2-cp311-cp311-manylinux_2_17_x86_64.manylinux2014_x86_64.whl", hash = "sha256:1e9b3b809ccf6addf01e852b1bb0a0c872b92144a38efda13caef1c3de451808", size = 1777609 },
    { url = "https://files.pythonhosted.org/packages/b6/80/533b98ece0ad3a8ae1a17285acc90c74505df62b47d7dbaf8775fb481574/ephem-4.2-cp311-cp311-musllinux_1_2_aarch64.whl", hash = "sha256:bd836343c6d3b0a7658a8f7d1df2937f398f4b8465a6a77b47e6fa84edd574ae", size = 1774903 },
    { url = "https://files.pythonhosted.org/packages/40/ee/586d6f05058f169b6385afeedc8727468de849a721b5ca1c3e8c28c889dd/ephem-4.2-cp311-cp311-musllinux_1_2_i686.whl", hash = "sha256:74673ea73bda79b81b21a9326798f6cc32d22c0845cffb05eca5dec5c50b3a89", size = 1791567 },
    { url = "https://files.pythonhosted.org/packages/b8/a7/f77ec7b4207e06f118cfa6272c4c05292e52581bf470c60d65064d5f711e/ephem-4.2-cp311-cp311-musllinux_1_2_s390x.whl", hash = "sha256:a7aa551ea1a6ae2ee58ab31571be1caf5647c31f97588ef2a09ac8e991f9c133", size = 1808177 },
    { url = "https://files.pythonhosted.org/packages/ac/08/b1d806517261fac4589bbef37876f12dc7a4ebabd25817a9ce33edb87a13/ephem-4.2-cp311-cp311-musllinux_1_2_x86_64.whl", hash = "sha256:9da22f8b6fe666cc77f69ca74959463007fc0c8e913026b225658bcd91e9d358", size = 1777174 },
    { url = "https://files.pythonhosted.org/packages/88/ed/36511c85bf33f50df90def15393d1b138b3f2c10f639e8a5c4203a8d2edf/ephem-4.2-cp311-cp311-win32.whl", hash = "sha256:a0490e6755bde5c80787ab4937a1f1d2832ea5e6e1b624b53d5e2852b7d4c303", size = 1399304 },
    { url = "https://files.pythonhosted.org/packages/a0/b8/4ae05b726408dff9f9b26fd480ae88e9f28eb4d6b632b40710bd3e98f278/ephem-4.2-cp311-cp311-win_amd64.whl", hash = "sha256:f409c4adb0160689a3297b83bfddf4893942eb8a6a6bf31f034d9ed8ebcd6112", size = 1416573 },
    { url = "https://files.pythonhosted.org/packages/83/e0/b87516791e03d854875d7ae6c806ad0cf0655f245e23a8a08793255be9d5/ephem-4.2-cp312-cp312-macosx_10_13_x86_64.whl", hash = "sha256:e6db15e4169f8a73827ab0eb3a5722bb9679781375384cdea5809cf325e13b14", size = 1429184 },
    { url = "https://files.pythonhosted.org/packages/da/a1/0526c70fa48b9bf797a67acd4adc2976e8f5ba617b70f8b030b2adb21d4e/ephem-4.2-cp312-cp312-macosx_11_0_arm64.whl", hash = "sha256:10f561e488787b6fc9a689f1f926f51bb225bb91af18ed0b38e1c93ffa179d2e", size = 1432149 },
    { url = "https://files.pythonhosted.org/packages/df/c1/d71067c75043764672b8204ae4088f43042775e0165cad88bca8738bd72a/ephem-4.2-cp312-cp312-manylinux_2_12_i686.manylinux2010_i686.manylinux_2_17_i686.manylinux2014_i686.whl", hash = "sha256:faf33b2b03e3b6cecff25b6cdb6fd3295908a8cea29b614beda5e36dc6f978a6", size = 1758869 },
    { url = "https://files.pythonhosted.org/packages/2a/9b/59612065e27606ebf8edf2452e526dbc4677f9a55669d7b8a6e225e2df1f/ephem-4.2-cp312-cp312-manylinux_2_17_aarch64.manylinux2014_aarch64.whl", hash = "sha256:4765768de1cb0af0e179f3860e6fa0163e8a7d23faf2fa61fe113eee3748fe02", size = 1778659 },
    { url = "https://files.pythonhosted.org/packages/77/a8/2b17efd7c621507d5d9e1ea52b63c391373226e1f6d1ebe0df79caad21ba/ephem-4.2-cp312-cp312-manylinux_2_17_s390x.manylinux2014_s390x.whl", hash = "sha256:d617510363d1d80d50cc601b477e4e817b83de311fea932d85bb9d87913b577a", size = 1788867 },
    { url = "https://files.pythonhosted.org/packages/5e/f5/81c657c874e590adae61eeae26d8dbf181b513a2a869f76a1a41b4947c45/ephem-4.2-cp312-cp312-manylinux_2_17_x86_64.manylinux2014_x86_64.whl", hash = "sha256:65c4b960b556b1db868de77ddc7ecc9a554dd103a9d59a07321ee45657c32b3f", size = 1781181 },
    { url = "https://files.pythonhosted.org/packages/4c/7d/11bf452e8af05ca74830eaeb6e9202702b15c830bf5a8602c2b58d3bf00e/ephem-4.2-cp312-cp312-musllinux_1_2_aarch64.whl", hash = "sha256:9a4e8b69803bff40ba56bb60d08e3e20c23f50bf2076cc8b8df371c92ab4418c", size = 1777417 },
    { url = "https://files.pythonhosted.org/packages/85/70/5f67b859d3fa73412c98a00a019b368685028092865561cbb250cceb1ca9/ephem-4.2-cp312-cp312-musllinux_1_2_i686.whl", hash = "sha256:245accecb7050f3f0e495dbd49f58b38e63d70d1af2a034ba40038daa968925f", size = 1793456 },
    { url = "https://files.pythonhosted.org/packages/cb/81/14c249d43cd7d623de88163e305760661e53ce1be82336082f5534b87d7d/ephem-4.2-cp312-cp312-musllinux_1_2_s390x.whl", hash = "sha256:bd7f93743ef79a88115d5106620827a108ca2afd83baae71d056f2f90ebb4e94", size = 1810915 },
    { url = "https://files.pythonhosted.org/packages/d8/d7/8f84e7e03796abb6d6aeeef092cbdb8266b45d038eced545510f6de91d6b/ephem-4.2-cp312-cp312-musllinux_1_2_x86_64.whl", hash = "sha256:129fda6db42abb6baf4e55e953969ad923995dcaadacfc7d652e5ad6103d7ebe", size = 1779973 },
    { url = "https://files.pythonhosted.org/packages/3e/b8/2d9f79fb5c23c28810807035431407b88641979523f80f3c767db16baa5f/ephem-4.2-cp312-cp312-win32.whl", hash = "sha256:323649d8fd4f34036b43a332c8457a9e711c91ac708e3d5238a379a704b53ffb", size = 1399413 },
    { url = "https://files.pythonhosted.org/packages/b0/f9/2e0ed78baae25a91c066a04071a2bad5785e7e1a10f4d9a91796f4b6767f/ephem-4.2-cp312-cp312-win_amd64.whl", hash = "sha256:6d3a4b72e8dc3fe36680c3f150f0f98c9df3a97e85df1c37781a0c475c1f667a", size = 1416807 },
    { url = "https://files.pythonhosted.org/packages/e5/39/15e87fa6a309909fe86c56372fcd887d104ead4f1267a4eef578ac4d7879/ephem-4.2-cp313-cp313-macosx_10_13_x86_64.whl", hash = "sha256:ea8d23e7d452537fbbe1da12891ccaea5bf890a0ae35007d6c773842ad08ec16", size = 1429158 },
    { url = "https://files.pythonhosted.org/packages/f3/4e/57f8332d315159ecb7c00326719a29a04e60c9e62eeb6451250bd5ce9b36/ephem-4.2-cp313-cp313-macosx_11_0_arm64.whl", hash = "sha256:c7dcd7425cc82945b0d6cb31a0897aeae835d5e68082243e210b59036950b61e", size = 1432125 },
    { url = "https://files.pythonhosted.org/packages/98/d1/1625108774a8b45efd46756b3e2be8197642f7a207202002facdb19a09f0/ephem-4.2-cp313-cp313-manylinux_2_12_i686.manylinux2010_i686.manylinux_2_17_i686.manylinux2014_i686.whl", hash = "sha256:797fb2a6ecef2866f7a2d57f897dfb9f34bea60462950b94a22935272f4d7e5c", size = 1758896 },
    { url = "https://files.pythonhosted.org/packages/87/75/dd00e7b007da65c30eeb155856fc2bc1f75958e3c809fa0cf92be8665570/ephem-4.2-cp313-cp313-manylinux_2_17_aarch64.manylinux2014_aarch64.whl", hash = "sha256:68976d765a78ff3c534e11c8b9f87e83b67cacd461e7074664fb8a0c0b9ab341", size = 1778739 },
    { url = "https://files.pythonhosted.org/packages/13/fa/747efd0e3cdb33215e436d75a43ca3055fefb99d48ddd05284c2adbc270a/ephem-4.2-cp313-cp313-manylinux_2_17_s390x.manylinux2014_s390x.whl", hash = "sha256:5c787ef694db5e56151595ec237f960836e672a8770b41f09f9c65c26133291b", size = 1788967 },
    { url = "https://files.pythonhosted.org/packages/cf/3a/428b3588a82696486a3a40625341e30ee404cc18b94e2753120e14f32493/ephem-4.2-cp313-cp313-manylinux_2_17_x86_64.manylinux2014_x86_64.whl", hash = "sha256:0fbf26f0c99d7ba100df584cd4899044e582af57bbe313aecfecefd6ab389753", size = 1781222 },
    { url = "https://files.pythonhosted.org/packages/2f/41/d28eb0103e1976702333e6ce9dbd3e3ec86d10bcfaa7e8ba324131945d7d/ephem-4.2-cp313-cp313-musllinux_1_2_aarch64.whl", hash = "sha256:4b1c87517be414f67c3b35c6dbd8bd7c28d664e06d857b4a4224511bdb06ad2e", size = 1777379 },
    { url = "https://files.pythonhosted.org/packages/61/fe/a5510b8b96bc44a1d6a47fd43a30131fe054df6fa9f81abecf7a9ddb3f23/ephem-4.2-cp313-cp313-musllinux_1_2_i686.whl", hash = "sha256:599df915cd37dae047e4d885885afff23102d33a33f9900ae95c11195cbe83cb", size = 1793525 },
    { url = "https://files.pythonhosted.org/packages/28/1e/36585a5b3474a5f1c068d5a4f21537016c225835d7a9c987df125c83d3ec/ephem-4.2-cp313-cp313-musllinux_1_2_s390x.whl", hash = "sha256:38a74e63cfb6fcee6b23ad183c6d02da0c0113ae7ad4f433422a15e401c3aa92", size = 1810985 },
    { url = "https://files.pythonhosted.org/packages/ff/4a/f0735480dad37a82c19e2d3f74f6511ebda30fc5e68f2e019381ae78e1c2/ephem-4.2-cp313-cp313-musllinux_1_2_x86_64.whl", hash = "sha256:e9083fe4144478a43fbba07169957b6eb3797fd97955145dd614eaa0a934ad79", size = 1780078 },
    { url = "https://files.pythonhosted.org/packages/e1/7b/eaa550cfda799265edf5517ee7c450f770c4ee8645d52113a0511eec3d31/ephem-4.2-cp313-cp313-win32.whl", hash = "sha256:94cad00341ed5367144f3dfec98b6a33f285b5eb5c35971f697f8cac14f12a00", size = 1399409 },
    { url = "https://files.pythonhosted.org/packages/06/25/026e15571373559ed4c8755bd88506a783f4204df3fbdead1748150f0a37/ephem-4.2-cp313-cp313-win_amd64.whl", hash = "sha256:9f72002f2f6dd8ad838fcbe7b4e9bdf8daadfe3e7093383336a234da458c77a5", size = 1416813 },
]

[[package]]
name = "h11"
version = "0.14.0"
source = { registry = "https://pypi.org/simple" }
sdist = { url = "https://files.pythonhosted.org/packages/f5/38/3af3d3633a34a3316095b39c8e8fb4853a28a536e55d347bd8d8e9a14b03/h11-0.14.0.tar.gz", hash = "sha256:8f19fbbe99e72420ff35c00b27a34cb9937e902a8b810e2c88300c6f0a3b699d", size = 100418 }
wheels = [
    { url = "https://files.pythonhosted.org/packages/95/04/ff642e65ad6b90db43e668d70ffb6736436c7ce41fcc549f4e9472234127/h11-0.14.0-py3-none-any.whl", hash = "sha256:e3fe4ac4b851c468cc8363d500db52c2ead036020723024a109d37346efaa761", size = 58259 },
]

[[package]]
name = "httpcore"
version = "1.0.7"
source = { registry = "https://pypi.org/simple" }
dependencies = [
    { name = "certifi" },
    { name = "h11" },
]
sdist = { url = "https://files.pythonhosted.org/packages/6a/41/d7d0a89eb493922c37d343b607bc1b5da7f5be7e383740b4753ad8943e90/httpcore-1.0.7.tar.gz", hash = "sha256:8551cb62a169ec7162ac7be8d4817d561f60e08eaa485234898414bb5a8a0b4c", size = 85196 }
wheels = [
    { url = "https://files.pythonhosted.org/packages/87/f5/72347bc88306acb359581ac4d52f23c0ef445b57157adedb9aee0cd689d2/httpcore-1.0.7-py3-none-any.whl", hash = "sha256:a3fff8f43dc260d5bd363d9f9cf1830fa3a458b332856f34282de498ed420edd", size = 78551 },
]

[[package]]
name = "httpx"
version = "0.25.2"
source = { registry = "https://pypi.org/simple" }
dependencies = [
    { name = "anyio" },
    { name = "certifi" },
    { name = "httpcore" },
    { name = "idna" },
    { name = "sniffio" },
]
sdist = { url = "https://files.pythonhosted.org/packages/8c/23/911d93a022979d3ea295f659fbe7edb07b3f4561a477e83b3a6d0e0c914e/httpx-0.25.2.tar.gz", hash = "sha256:8b8fcaa0c8ea7b05edd69a094e63a2094c4efcb48129fb757361bc423c0ad9e8", size = 123889 }
wheels = [
    { url = "https://files.pythonhosted.org/packages/a2/65/6940eeb21dcb2953778a6895281c179efd9100463ff08cb6232bb6480da7/httpx-0.25.2-py3-none-any.whl", hash = "sha256:a05d3d052d9b2dfce0e3896636467f8a5342fb2b902c819428e1ac65413ca118", size = 74980 },
]

[[package]]
name = "idna"
version = "3.10"
source = { registry = "https://pypi.org/simple" }
sdist = { url = "https://files.pythonhosted.org/packages/f1/70/7703c29685631f5a7590aa73f1f1d3fa9a380e654b86af429e0934a32f7d/idna-3.10.tar.gz", hash = "sha256:12f65c9b470abda6dc35cf8e63cc574b1c52b11df2c86030af0ac09b01b13ea9", size = 190490 }
wheels = [
    { url = "https://files.pythonhosted.org/packages/76/c6/c88e154df9c4e1a2a66ccf0005a88dfb2650c1dffb6f5ce603dfbd452ce3/idna-3.10-py3-none-any.whl", hash = "sha256:946d195a0d259cbba61165e88e65941f16e9b36ea6ddb97f00452bae8b1287d3", size = 70442 },
]

[[package]]
name = "python-dotenv"
version = "1.0.1"
source = { registry = "https://pypi.org/simple" }
sdist = { url = "https://files.pythonhosted.org/packages/bc/57/e84d88dfe0aec03b7a2d4327012c1627ab5f03652216c63d49846d7a6c58/python-dotenv-1.0.1.tar.gz", hash = "sha256:e324ee90a023d808f1959c46bcbc04446a10ced277783dc6ee09987c37ec10ca", size = 39115 }
wheels = [
    { url = "https://files.pythonhosted.org/packages/6a/3e/b68c118422ec867fa7ab88444e1274aa40681c606d59ac27de5a5588f082/python_dotenv-1.0.1-py3-none-any.whl", hash = "sha256:f7b63ef50f1b690dddf550d03497b66d609393b40b564ed0d674909a68ebf16a", size = 19863 },
]

[[package]]
name = "python-telegram-bot"
version = "20.7"
source = { registry = "https://pypi.org/simple" }
dependencies = [
    { name = "httpx" },
]
sdist = { url = "https://files.pythonhosted.org/packages/b6/63/80a61afea467e669edd91ca46de6800814227021e8ea040b87995979b52e/python-telegram-bot-20.7.tar.gz", hash = "sha256:4f146c39de5f5e0b3723c2abedaf78046ebd30a6a49d2281ee4b3af5eb116b68", size = 368874 }
wheels = [
    { url = "https://files.pythonhosted.org/packages/e7/69/285c31caff09a10ce932711a63835775ed7c503783bd808a837ce803f055/python_telegram_bot-20.7-py3-none-any.whl", hash = "sha256:462326c65671c8c39e76c8c96756ee918be6797d225f8db84d2ec0f883383b8c", size = 552646 },
]

[[package]]
name = "repl-nix-workspace"
version = "0.1.0"
source = { virtual = "." }
dependencies = [
    { name = "ephem" },
    { name = "python-dotenv" },
    { name = "python-telegram-bot" },
    { name = "telegram" },
]

[package.metadata]
requires-dist = [
    { name = "ephem", specifier = ">=4.2" },
    { name = "python-dotenv", specifier = ">=1.0.1" },
    { name = "python-telegram-bot", specifier = "==20.7" },
    { name = "telegram", specifier = ">=0.0.1" },
]

[[package]]
name = "sniffio"
version = "1.3.1"
source = { registry = "https://pypi.org/simple" }
sdist = { url = "https://files.pythonhosted.org/packages/a2/87/a6771e1546d97e7e041b6ae58d80074f81b7d5121207425c964ddf5cfdbd/sniffio-1.3.1.tar.gz", hash = "sha256:f4324edc670a0f49750a81b895f35c3adb843cca46f0530f79fc1babb23789dc", size = 20372 }
wheels = [
    { url = "https://files.pythonhosted.org/packages/e9/44/75a9c9421471a6c4805dbf2356f7c181a29c1879239abab1ea2cc8f38b40/sniffio-1.3.1-py3-none-any.whl", hash = "sha256:2f6da418d1f1e0fddd844478f41680e794e6051915791a034ff65e5f100525a2", size = 10235 },
]

[[package]]
name = "telegram"
version = "0.0.1"
source = { registry = "https://pypi.org/simple" }
sdist = { url = "https://files.pythonhosted.org/packages/9d/ca/8bdf2deb93b9f6971dabf2ddc827c2a98ce23e13582a15b37e9bc169f226/telegram-0.0.1.tar.gz", hash = "sha256:d405a0af4c868a8dbeae6d03e297e21c7ee6269e11e2ed3810e15544aba02591", size = 879 }

[[package]]
name = "typing-extensions"
version = "4.12.2"
source = { registry = "https://pypi.org/simple" }
sdist = { url = "https://files.pythonhosted.org/packages/df/db/f35a00659bc03fec321ba8bce9420de607a1d37f8342eee1863174c69557/typing_extensions-4.12.2.tar.gz", hash = "sha256:1a7ead55c7e559dd4dee8856e3a88b41225abfe1ce8df57b7c13915fe121ffb8", size = 85321 }
wheels = [
    { url = "https://files.pythonhosted.org/packages/26/9f/ad63fc0248c5379346306f8668cda6e2e2e9c95e01216d2b8ffd9ff037d0/typing_extensions-4.12.2-py3-none-any.whl", hash = "sha256:04e5ca0351e0f3f85c6853954072df659d0d13fac324d0072316b67d7794700d", size = 37438 },
]
